
Microsoft Visual Studio Solution File, Format Version 12.00
# Visual Studio Version 17
VisualStudioVersion = 17.5.33627.172
MinimumVisualStudioVersion = 10.0.40219.1
Project("{FAE04EC0-301F-11D3-BF4B-00C04F79EFBC}") = "Task3", "Task3.csproj", "{E3E89089-7E7B-47C1-80FC-58264271A314}"
EndProject
Global
	GlobalSection(SolutionConfigurationPlatforms) = preSolution
		Debug|Any CPU = Debug|Any CPU
		Release|Any CPU = Release|Any CPU
	EndGlobalSection
	GlobalSection(ProjectConfigurationPlatforms) = postSolution
		{E3E89089-7E7B-47C1-80FC-58264271A314}.Debug|Any CPU.ActiveCfg = Debug|Any CPU
		{E3E89089-7E7B-47C1-80FC-58264271A314}.Debug|Any CPU.Build.0 = Debug|Any CPU
		{E3E89089-7E7B-47C1-80FC-58264271A314}.Release|Any CPU.ActiveCfg = Release|Any CPU
		{E3E89089-7E7B-47C1-80FC-58264271A314}.Release|Any CPU.Build.0 = Release|Any CPU
	EndGlobalSection
	GlobalSection(SolutionProperties) = preSolution
		HideSolutionNode = FALSE
	EndGlobalSection
	GlobalSection(ExtensibilityGlobals) = postSolution
		SolutionGuid = {9F5DC5E8-E493-40F5-8716-C4910D4746ED}
	EndGlobalSection
EndGlobal
